[[package]]
name = "atheris"
version = "2.3.0"
description = "A coverage-guided fuzzer for Python and Python extensions."
category = "main"
optional = false
python-versions = "*"

[[package]]
name = "beautifulsoup4"
version = "4.12.2"
description = "Screen-scraping library"
category = "main"
optional = false
python-versions = ">=3.6.0"

[package.dependencies]
soupsieve = ">1.2"

[package.extras]
html5lib = ["html5lib"]
lxml = ["lxml"]

[[package]]
name = "dnspython"
version = "2.4.2"
description = "DNS toolkit"
category = "main"
optional = false
python-versions = ">=3.8,<4.0"

[package.extras]
dnssec = ["cryptography (>=2.6,<42.0)"]
doh = ["h2 (>=4.1.0)", "httpcore (>=0.17.3)", "httpx (>=0.24.1)"]
doq = ["aioquic (>=0.9.20)"]
idna = ["idna (>=2.1,<4.0)"]
trio = ["trio (>=0.14,<0.23)"]
wmi = ["wmi (>=1.5.1,<2.0.0)"]

[[package]]
name = "email-validator"
version = "2.0.0.post2"
description = "A robust email address syntax and deliverability validation library."
category = "main"
optional = false
python-versions = ">=3.7"

[package.dependencies]
dnspython = ">=2.0.0"
idna = ">=2.0.0"

[[package]]
name = "idna"
version = "3.4"
description = "Internationalized Domain Names in Applications (IDNA)"
category = "main"
optional = false
python-versions = ">=3.5"

[[package]]
name = "soupsieve"
version = "2.4.1"
description = "A modern CSS selector implementation for Beautiful Soup."
category = "main"
optional = false
python-versions = ">=3.7"

[[package]]
name = "validators"
version = "0.22.0"
description = "Python Data Validation for Humans™"
category = "main"
optional = false
python-versions = ">=3.8"

[package.extras]
docs-offline = ["myst-parser (>=2.0.0)", "pypandoc-binary (>=1.11)", "sphinx (>=7.1.1)"]
docs-online = ["mkdocs (>=1.5.2)", "mkdocs-git-revision-date-localized-plugin (>=1.2.0)", "mkdocs-material (>=9.2.6)", "mkdocstrings[python] (>=0.22.0)", "pyaml (>=23.7.0)"]
hooks = ["pre-commit (>=3.3.3)"]
package = ["build (>=1.0.0)", "twine (>=4.0.2)"]
runner = ["tox (>=4.11.1)"]
sast = ["bandit[toml] (>=1.7.5)"]
testing = ["pytest (>=7.4.0)"]
tooling = ["black (>=23.7.0)", "pyright (>=1.1.325)", "ruff (>=0.0.287)"]
tooling-extras = ["pyaml (>=23.7.0)", "pypandoc-binary (>=1.11)", "pytest (>=7.4.0)"]

[metadata]
lock-version = "1.1"
python-versions = "3.10.8"
content-hash = "56517c953f85f9a21dcfda1956d5387b69d978f2077087ac553ce7f24db3e30a"

[metadata.files]
atheris = [
    {file = "atheris-2.3.0-cp310-cp310-manylinux_2_17_x86_64.manylinux2014_x86_64.whl", hash = "sha256:b91cb296d60915c3efa4f6db48f09c4678b574cddb7ca98035f1cb9d9fb96f64"},
    {file = "atheris-2.3.0-cp311-cp311-manylinux_2_17_x86_64.manylinux2014_x86_64.whl", hash = "sha256:e4e43d1ee4760916a84ff73c9c6cf9ac6eee80fc030479bbed43fe0b8e994981"},
    {file = "atheris-2.3.0-cp36-cp36m-manylinux_2_17_x86_64.manylinux2014_x86_64.whl", hash = "sha256:6d4e83c8a518e7f7d1c82ee52453255bf6309b7b335657534e83747d4fdfa110"},
    {file = "atheris-2.3.0-cp37-cp37m-manylinux_2_17_x86_64.manylinux2014_x86_64.whl", hash = "sha256:c353952ee375bf851527e8b2ea57fdefd7ad16aadfe18143801998075485eccd"},
    {file = "atheris-2.3.0-cp38-cp38-manylinux_2_17_x86_64.manylinux2014_x86_64.whl", hash = "sha256:9877b6c2bd5386f9fbbb2989a939c717383d9639f5476411c06fe50fe2fe09a6"},
    {file = "atheris-2.3.0-cp39-cp39-manylinux_2_17_x86_64.manylinux2014_x86_64.whl", hash = "sha256:005bde4b5a70e998b7fa097e9aa195972dcc2e04092156a0149cff7aa0de970e"},
    {file = "atheris-2.3.0.tar.gz", hash = "sha256:cf1fdf5fa220a41a2f262b32363fc566549502b2cb0addf4e1baad5531c0e825"},
]
beautifulsoup4 = [
    {file = "beautifulsoup4-4.12.2-py3-none-any.whl", hash = "sha256:bd2520ca0d9d7d12694a53d44ac482d181b4ec1888909b035a3dbf40d0f57d4a"},
    {file = "beautifulsoup4-4.12.2.tar.gz", hash = "sha256:492bbc69dca35d12daac71c4db1bfff0c876c00ef4a2ffacce226d4638eb72da"},
]
dnspython = [
    {file = "dnspython-2.4.2-py3-none-any.whl", hash = "sha256:57c6fbaaeaaf39c891292012060beb141791735dbb4004798328fc2c467402d8"},
    {file = "dnspython-2.4.2.tar.gz", hash = "sha256:8dcfae8c7460a2f84b4072e26f1c9f4101ca20c071649cb7c34e8b6a93d58984"},
]
email-validator = [
    {file = "email_validator-2.0.0.post2-py3-none-any.whl", hash = "sha256:2466ba57cda361fb7309fd3d5a225723c788ca4bbad32a0ebd5373b99730285c"},
    {file = "email_validator-2.0.0.post2.tar.gz", hash = "sha256:1ff6e86044200c56ae23595695c54e9614f4a9551e0e393614f764860b3d7900"},
]
idna = [
    {file = "idna-3.4-py3-none-any.whl", hash = "sha256:90b77e79eaa3eba6de819a0c442c0b4ceefc341a7a2ab77d7562bf49f425c5c2"},
    {file = "idna-3.4.tar.gz", hash = "sha256:814f528e8dead7d329833b91c5faa87d60bf71824cd12a7530b5526063d02cb4"},
]
soupsieve = [
    {file = "soupsieve-2.4.1-py3-none-any.whl", hash = "sha256:1c1bfee6819544a3447586c889157365a27e10d88cde3ad3da0cf0ddf646feb8"},
    {file = "soupsieve-2.4.1.tar.gz", hash = "sha256:89d12b2d5dfcd2c9e8c22326da9d9aa9cb3dfab0a83a024f05704076ee8d35ea"},
]
validators = [
    {file = "validators-0.22.0-py3-none-any.whl", hash = "sha256:61cf7d4a62bbae559f2e54aed3b000cea9ff3e2fdbe463f51179b92c58c9585a"},
    {file = "validators-0.22.0.tar.gz", hash = "sha256:77b2689b172eeeb600d9605ab86194641670cdb73b60afd577142a9397873370"},
]
